
Microsoft Visual Studio Solution File, Format Version 12.00
# Visual Studio Version 16
VisualStudioVersion = 16.0.30413.136
MinimumVisualStudioVersion = 10.0.40219.1
Project("{FAE04EC0-301F-11D3-BF4B-00C04F79EFBC}") = "fpv_batteries", "fpv_batteries\fpv_batteries.csproj", "{FFC154F8-24D7-41ED-95D8-55761450744B}"
EndProject
Project("{FAE04EC0-301F-11D3-BF4B-00C04F79EFBC}") = "fpv_batteries.Android", "fpv_batteries.Android\fpv_batteries.Android.csproj", "{57C36058-0421-4302-9260-D563E144DABC}"
EndProject
Project("{FAE04EC0-301F-11D3-BF4B-00C04F79EFBC}") = "fpv_batteries.iOS", "fpv_batteries.iOS\fpv_batteries.iOS.csproj", "{45BFD55B-D639-483D-8AE8-5657C623E1A9}"
EndProject
Global
	GlobalSection(SolutionConfigurationPlatforms) = preSolution
		Ad-Hoc|Any CPU = Ad-Hoc|Any CPU
		Ad-Hoc|iPhone = Ad-Hoc|iPhone
		Ad-Hoc|iPhoneSimulator = Ad-Hoc|iPhoneSimulator
		AppStore|Any CPU = AppStore|Any CPU
		AppStore|iPhone = AppStore|iPhone
		AppStore|iPhoneSimulator = AppStore|iPhoneSimulator
		Debug|Any CPU = Debug|Any CPU
		Debug|iPhone = Debug|iPhone
		Debug|iPhoneSimulator = Debug|iPhoneSimulator
		Release|Any CPU = Release|Any CPU
		Release|iPhone = Release|iPhone
		Release|iPhoneSimulator = Release|iPhoneSimulator
	EndGlobalSection
	GlobalSection(ProjectConfigurationPlatforms) = postSolution
		{FFC154F8-24D7-41ED-95D8-55761450744B}.Ad-Hoc|Any CPU.ActiveCfg = Debug|Any CPU
		{FFC154F8-24D7-41ED-95D8-55761450744B}.Ad-Hoc|Any CPU.Build.0 = Debug|Any CPU
		{FFC154F8-24D7-41ED-95D8-55761450744B}.Ad-Hoc|iPhone.ActiveCfg = Debug|Any CPU
		{FFC154F8-24D7-41ED-95D8-55761450744B}.Ad-Hoc|iPhone.Build.0 = Debug|Any CPU
		{FFC154F8-24D7-41ED-95D8-55761450744B}.Ad-Hoc|iPhoneSimulator.ActiveCfg = Debug|Any CPU
		{FFC154F8-24D7-41ED-95D8-55761450744B}.Ad-Hoc|iPhoneSimulator.Build.0 = Debug|Any CPU
		{FFC154F8-24D7-41ED-95D8-55761450744B}.AppStore|Any CPU.ActiveCfg = Debug|Any CPU
		{FFC154F8-24D7-41ED-95D8-55761450744B}.AppStore|Any CPU.Build.0 = Debug|Any CPU
		{FFC154F8-24D7-41ED-95D8-55761450744B}.AppStore|iPhone.ActiveCfg = Debug|Any CPU
		{FFC154F8-24D7-41ED-95D8-55761450744B}.AppStore|iPhone.Build.0 = Debug|Any CPU
		{FFC154F8-24D7-41ED-95D8-55761450744B}.AppStore|iPhoneSimulator.ActiveCfg = Debug|Any CPU
		{FFC154F8-24D7-41ED-95D8-55761450744B}.AppStore|iPhoneSimulator.Build.0 = Debug|Any CPU
		{FFC154F8-24D7-41ED-95D8-55761450744B}.Debug|Any CPU.ActiveCfg = Debug|Any CPU
		{FFC154F8-24D7-41ED-95D8-55761450744B}.Debug|Any CPU.Build.0 = Debug|Any CPU
		{FFC154F8-24D7-41ED-95D8-55761450744B}.Debug|iPhone.ActiveCfg = Debug|Any CPU
		{FFC154F8-24D7-41ED-95D8-55761450744B}.Debug|iPhone.Build.0 = Debug|Any CPU
		{FFC154F8-24D7-41ED-95D8-55761450744B}.Debug|iPhoneSimulator.ActiveCfg = Debug|Any CPU
		{FFC154F8-24D7-41ED-95D8-55761450744B}.Debug|iPhoneSimulator.Build.0 = Debug|Any CPU
		{FFC154F8-24D7-41ED-95D8-55761450744B}.Release|Any CPU.ActiveCfg = Release|Any CPU
		{FFC154F8-24D7-41ED-95D8-55761450744B}.Release|Any CPU.Build.0 = Release|Any CPU
		{FFC154F8-24D7-41ED-95D8-55761450744B}.Release|iPhone.ActiveCfg = Release|Any CPU
		{FFC154F8-24D7-41ED-95D8-55761450744B}.Release|iPhone.Build.0 = Release|Any CPU
		{FFC154F8-24D7-41ED-95D8-55761450744B}.Release|iPhoneSimulator.ActiveCfg = Release|Any CPU
		{FFC154F8-24D7-41ED-95D8-55761450744B}.Release|iPhoneSimulator.Build.0 = Release|Any CPU
		{57C36058-0421-4302-9260-D563E144DABC}.Ad-Hoc|Any CPU.ActiveCfg = Release|Any CPU
		{57C36058-0421-4302-9260-D563E144DABC}.Ad-Hoc|Any CPU.Build.0 = Release|Any CPU
		{57C36058-0421-4302-9260-D563E144DABC}.Ad-Hoc|Any CPU.Deploy.0 = Release|Any CPU
		{57C36058-0421-4302-9260-D563E144DABC}.Ad-Hoc|iPhone.ActiveCfg = Release|Any CPU
		{57C36058-0421-4302-9260-D563E144DABC}.Ad-Hoc|iPhone.Build.0 = Release|Any CPU
		{57C36058-0421-4302-9260-D563E144DABC}.Ad-Hoc|iPhone.Deploy.0 = Release|Any CPU
		{57C36058-0421-4302-9260-D563E144DABC}.Ad-Hoc|iPhoneSimulator.ActiveCfg = Release|Any CPU
		{57C36058-0421-4302-9260-D563E144DABC}.Ad-Hoc|iPhoneSimulator.Build.0 = Release|Any CPU
		{57C36058-0421-4302-9260-D563E144DABC}.Ad-Hoc|iPhoneSimulator.Deploy.0 = Release|Any CPU
		{57C36058-0421-4302-9260-D563E144DABC}.AppStore|Any CPU.ActiveCfg = Release|Any CPU
		{57C36058-0421-4302-9260-D563E144DABC}.AppStore|Any CPU.Build.0 = Release|Any CPU
		{57C36058-0421-4302-9260-D563E144DABC}.AppStore|Any CPU.Deploy.0 = Release|Any CPU
		{57C36058-0421-4302-9260-D563E144DABC}.AppStore|iPhone.ActiveCfg = Release|Any CPU
		{57C36058-0421-4302-9260-D563E144DABC}.AppStore|iPhone.Build.0 = Release|Any CPU
		{57C36058-0421-4302-9260-D563E144DABC}.AppStore|iPhone.Deploy.0 = Release|Any CPU
		{57C36058-0421-4302-9260-D563E144DABC}.AppStore|iPhoneSimulator.ActiveCfg = Release|Any CPU
		{57C36058-0421-4302-9260-D563E144DABC}.AppStore|iPhoneSimulator.Build.0 = Release|Any CPU
		{57C36058-0421-4302-9260-D563E144DABC}.AppStore|iPhoneSimulator.Deploy.0 = Release|Any CPU
		{57C36058-0421-4302-9260-D563E144DABC}.Debug|Any CPU.ActiveCfg = Debug|Any CPU
		{57C36058-0421-4302-9260-D563E144DABC}.Debug|Any CPU.Build.0 = Debug|Any CPU
		{57C36058-0421-4302-9260-D563E144DABC}.Debug|Any CPU.Deploy.0 = Debug|Any CPU
		{57C36058-0421-4302-9260-D563E144DABC}.Debug|iPhone.ActiveCfg = Debug|Any CPU
		{57C36058-0421-4302-9260-D563E144DABC}.Debug|iPhone.Build.0 = Debug|Any CPU
		{57C36058-0421-4302-9260-D563E144DABC}.Debug|iPhone.Deploy.0 = Debug|Any CPU
		{57C36058-0421-4302-9260-D563E144DABC}.Debug|iPhoneSimulator.ActiveCfg = Debug|Any CPU
		{57C36058-0421-4302-9260-D563E144DABC}.Debug|iPhoneSimulator.Build.0 = Debug|Any CPU
		{57C36058-0421-4302-9260-D563E144DABC}.Debug|iPhoneSimulator.Deploy.0 = Debug|Any CPU
		{57C36058-0421-4302-9260-D563E144DABC}.Release|Any CPU.ActiveCfg = Release|Any CPU
		{57C36058-0421-4302-9260-D563E144DABC}.Release|Any CPU.Build.0 = Release|Any CPU
		{57C36058-0421-4302-9260-D563E144DABC}.Release|Any CPU.Deploy.0 = Release|Any CPU
		{57C36058-0421-4302-9260-D563E144DABC}.Release|iPhone.ActiveCfg = Release|Any CPU
		{57C36058-0421-4302-9260-D563E144DABC}.Release|iPhone.Build.0 = Release|Any CPU
		{57C36058-0421-4302-9260-D563E144DABC}.Release|iPhone.Deploy.0 = Release|Any CPU
		{57C36058-0421-4302-9260-D563E144DABC}.Release|iPhoneSimulator.ActiveCfg = Release|Any CPU
		{57C36058-0421-4302-9260-D563E144DABC}.Release|iPhoneSimulator.Build.0 = Release|Any CPU
		{57C36058-0421-4302-9260-D563E144DABC}.Release|iPhoneSimulator.Deploy.0 = Release|Any CPU
		{45BFD55B-D639-483D-8AE8-5657C623E1A9}.Ad-Hoc|Any CPU.ActiveCfg = Ad-Hoc|iPhone
		{45BFD55B-D639-483D-8AE8-5657C623E1A9}.Ad-Hoc|iPhone.ActiveCfg = Ad-Hoc|iPhone
		{45BFD55B-D639-483D-8AE8-5657C623E1A9}.Ad-Hoc|iPhone.Build.0 = Ad-Hoc|iPhone
		{45BFD55B-D639-483D-8AE8-5657C623E1A9}.Ad-Hoc|iPhoneSimulator.ActiveCfg = Ad-Hoc|iPhoneSimulator
		{45BFD55B-D639-483D-8AE8-5657C623E1A9}.Ad-Hoc|iPhoneSimulator.Build.0 = Ad-Hoc|iPhoneSimulator
		{45BFD55B-D639-483D-8AE8-5657C623E1A9}.AppStore|Any CPU.ActiveCfg = AppStore|iPhone
		{45BFD55B-D639-483D-8AE8-5657C623E1A9}.AppStore|iPhone.ActiveCfg = AppStore|iPhone
		{45BFD55B-D639-483D-8AE8-5657C623E1A9}.AppStore|iPhone.Build.0 = AppStore|iPhone
		{45BFD55B-D639-483D-8AE8-5657C623E1A9}.AppStore|iPhoneSimulator.ActiveCfg = AppStore|iPhoneSimulator
		{45BFD55B-D639-483D-8AE8-5657C623E1A9}.AppStore|iPhoneSimulator.Build.0 = AppStore|iPhoneSimulator
		{45BFD55B-D639-483D-8AE8-5657C623E1A9}.Debug|Any CPU.ActiveCfg = Debug|iPhone
		{45BFD55B-D639-483D-8AE8-5657C623E1A9}.Debug|iPhone.ActiveCfg = Debug|iPhone
		{45BFD55B-D639-483D-8AE8-5657C623E1A9}.Debug|iPhone.Build.0 = Debug|iPhone
		{45BFD55B-D639-483D-8AE8-5657C623E1A9}.Debug|iPhoneSimulator.ActiveCfg = Debug|iPhoneSimulator
		{45BFD55B-D639-483D-8AE8-5657C623E1A9}.Debug|iPhoneSimulator.Build.0 = Debug|iPhoneSimulator
		{45BFD55B-D639-483D-8AE8-5657C623E1A9}.Release|Any CPU.ActiveCfg = Release|iPhone
		{45BFD55B-D639-483D-8AE8-5657C623E1A9}.Release|iPhone.ActiveCfg = Release|iPhone
		{45BFD55B-D639-483D-8AE8-5657C623E1A9}.Release|iPhone.Build.0 = Release|iPhone
		{45BFD55B-D639-483D-8AE8-5657C623E1A9}.Release|iPhoneSimulator.ActiveCfg = Release|iPhoneSimulator
		{45BFD55B-D639-483D-8AE8-5657C623E1A9}.Release|iPhoneSimulator.Build.0 = Release|iPhoneSimulator
	EndGlobalSection
	GlobalSection(SolutionProperties) = preSolution
		HideSolutionNode = FALSE
	EndGlobalSection
	GlobalSection(ExtensibilityGlobals) = postSolution
		SolutionGuid = {D0FABECA-ED51-4048-8E0D-580FA2E997D1}
	EndGlobalSection
EndGlobal
